
Microsoft Visual Studio Solution File, Format Version 12.00
# Visual Studio 15
VisualStudioVersion = 15.0.26730.3
MinimumVisualStudioVersion = 10.0.40219.1
Project("{FAE04EC0-301F-11D3-BF4B-00C04F79EFBC}") = "BingImageDownloader", "BingImageDownloader\BingImageDownloader.csproj", "{1C3911E4-77A5-43FC-9BC0-0734138F2089}"
EndProject
Global
	GlobalSection(SolutionConfigurationPlatforms) = preSolution
		Debug|Any CPU = Debug|Any CPU
		Release|Any CPU = Release|Any CPU
	EndGlobalSection
	GlobalSection(ProjectConfigurationPlatforms) = postSolution
		{1C3911E4-77A5-43FC-9BC0-0734138F2089}.Debug|Any CPU.ActiveCfg = Debug|Any CPU
		{1C3911E4-77A5-43FC-9BC0-0734138F2089}.Debug|Any CPU.Build.0 = Debug|Any CPU
		{1C3911E4-77A5-43FC-9BC0-0734138F2089}.Release|Any CPU.ActiveCfg = Release|Any CPU
		{1C3911E4-77A5-43FC-9BC0-0734138F2089}.Release|Any CPU.Build.0 = Release|Any CPU
	EndGlobalSection
	GlobalSection(SolutionProperties) = preSolution
		HideSolutionNode = FALSE
	EndGlobalSection
	GlobalSection(ExtensibilityGlobals) = postSolution
		SolutionGuid = {D0D87168-3C0C-4B7E-9B33-6D2390E8EAF3}
	EndGlobalSection
EndGlobal
