
Microsoft Visual Studio Solution File, Format Version 12.00
# Visual Studio 15
VisualStudioVersion = 15.0.26730.3
MinimumVisualStudioVersion = 10.0.40219.1
Project("{9A19103F-16F7-4668-BE54-9A1E7A4F7556}") = "BingImageDownloader", "BingImageDownloader\BingImageDownloader.csproj", "{1C3911E4-77A5-43FC-9BC0-0734138F2089}"
EndProject
Global
	GlobalSection(SolutionConfigurationPlatforms) = preSolution
		Debug|x86 = Debug|x86
		Release|x86 = Release|x86
	EndGlobalSection
	GlobalSection(ProjectConfigurationPlatforms) = postSolution
		{1C3911E4-77A5-43FC-9BC0-0734138F2089}.Debug|x86.ActiveCfg = Debug|x86
		{1C3911E4-77A5-43FC-9BC0-0734138F2089}.Debug|x86.Build.0 = Debug|x86
		{1C3911E4-77A5-43FC-9BC0-0734138F2089}.Release|x86.ActiveCfg = Release|x86
		{1C3911E4-77A5-43FC-9BC0-0734138F2089}.Release|x86.Build.0 = Release|x86
	EndGlobalSection
	GlobalSection(SolutionProperties) = preSolution
		HideSolutionNode = FALSE
	EndGlobalSection
	GlobalSection(ExtensibilityGlobals) = postSolution
		SolutionGuid = {D0D87168-3C0C-4B7E-9B33-6D2390E8EAF3}
	EndGlobalSection
EndGlobal
